<Project xmlns="http://schemas.microsoft.com/developer/msbuild/2003">
    <PropertyGroup>
        <ProjectGuid>{0DA63183-5C75-44BF-8EA4-6937ED3C0311}</ProjectGuid>
        <ProjectVersion>14.4</ProjectVersion>
        <FrameworkType>VCL</FrameworkType>
        <MainSource>MJD.Servidor.dpr</MainSource>
        <Base>True</Base>
        <Config Condition="'$(Config)'==''">Debug</Config>
        <Platform Condition="'$(Platform)'==''">Win32</Platform>
        <TargetedPlatforms>1</TargetedPlatforms>
        <AppType>Application</AppType>
    </PropertyGroup>
    <PropertyGroup Condition="'$(Config)'=='Base' or '$(Base)'!=''">
        <Base>true</Base>
    </PropertyGroup>
    <PropertyGroup Condition="('$(Platform)'=='Win32' and '$(Base)'=='true') or '$(Base_Win32)'!=''">
        <Base_Win32>true</Base_Win32>
        <CfgParent>Base</CfgParent>
        <Base>true</Base>
    </PropertyGroup>
    <PropertyGroup Condition="('$(Platform)'=='Win64' and '$(Base)'=='true') or '$(Base_Win64)'!=''">
        <Base_Win64>true</Base_Win64>
        <CfgParent>Base</CfgParent>
        <Base>true</Base>
    </PropertyGroup>
    <PropertyGroup Condition="'$(Config)'=='Debug' or '$(Cfg_1)'!=''">
        <Cfg_1>true</Cfg_1>
        <CfgParent>Base</CfgParent>
        <Base>true</Base>
    </PropertyGroup>
    <PropertyGroup Condition="('$(Platform)'=='Win32' and '$(Cfg_1)'=='true') or '$(Cfg_1_Win32)'!=''">
        <Cfg_1_Win32>true</Cfg_1_Win32>
        <CfgParent>Cfg_1</CfgParent>
        <Cfg_1>true</Cfg_1>
        <Base>true</Base>
    </PropertyGroup>
    <PropertyGroup Condition="'$(Config)'=='Release' or '$(Cfg_2)'!=''">
        <Cfg_2>true</Cfg_2>
        <CfgParent>Base</CfgParent>
        <Base>true</Base>
    </PropertyGroup>
    <PropertyGroup Condition="'$(Base)'!=''">
        <DCC_Namespace>System;Xml;Data;Datasnap;Web;Soap;Vcl;Vcl.Imaging;Vcl.Touch;Vcl.Samples;Vcl.Shell;$(DCC_Namespace)</DCC_Namespace>
        <Icns_MainIcns>$(BDS)\bin\delphi_PROJECTICNS.icns</Icns_MainIcns>
        <DCC_DcuOutput>.\$(Platform)\$(Config)</DCC_DcuOutput>
        <DCC_ExeOutput>.\$(Platform)\$(Config)</DCC_ExeOutput>
        <DCC_E>false</DCC_E>
        <DCC_N>false</DCC_N>
        <DCC_S>false</DCC_S>
        <DCC_F>false</DCC_F>
        <DCC_K>false</DCC_K>
    </PropertyGroup>
    <PropertyGroup Condition="'$(Base_Win32)'!=''">
        <VerInfo_Locale>1033</VerInfo_Locale>
        <DCC_UsePackage>JvBDE;JvGlobus;ACBr_Convenio115;JvMM;JvManagedThreads;ACBr_BoletoFR;tmsexdxe3;ZComponent;DBXSqliteDriver;fmx;JvDlgs;IndySystem;JvCrypt;TeeDB;ACBr_Diversos;ACBr_NFeDanfeFR;vclib;inetdbbde;DBXInterBaseDriver;DataSnapServer;DataSnapCommon;DataSnapClient;ACBr_NFeDanfeESCPOS;ACBr_BlocoX;ACBr_synapse;JvNet;Rave110VCL;DataSnapProviderClient;JvDotNetCtrls;DBXSybaseASEDriver;DbxCommonDriver;ACBr_MDFeDamdfeFR;vclimg;dbxcds;ACBr_Comum;DatasnapConnectorsFreePascal;MetropolisUILiveTile;JvXPCtrls;vcldb;vcldsnap;ACBr_SATExtratoESCPOS;DBXDb2Driver;DBXOracleDriver;CustomIPTransport;JvCore;ACBr_Serial;vclribbon;ACBr_SPED;dsnap;IndyIPServer;ACBr_MDFe;fmxase;vcl;IndyCore;ACBr_DFeComum;IndyIPCommon;CloudService;DBXMSSQLDriver;CodeSiteExpressPkg;frxDB17;FmxTeeUI;ACBr_Boleto;tmswizdxe3;ACBr_Sintegra;MJD.Controls;JvAppFrm;JvDB;JvRuntimeDesign;ACBr_SAT;ACBr_CTeDacteFR;inetdbxpress;webdsnap;JclDeveloperTools;ACBr_LFD;ACBR_DeSTDA;ACBr_PCNComum;JvDocking;adortl;CnPack_DXE3;JvWizards;ACBr_TCP;fs17;frx17;JvHMI;ACBr_SEF2;bindcompfmx;ACBr_PAF;JvBands;vcldbx;ZDbc;rtl;dbrtl;DbxClientDriver;ZPlain;bindcomp;inetdb;JvPluginSystem;ACBr_NFe;Tee;JclContainers;DBXOdbcDriver;ACBr_CTe;JvCmp;JvSystem;xmlrtl;svnui;ibxpress;JvTimeFramework;JvControls;ACBr_NFCeECFVirtual;tmsdxe3;IndyProtocols;DBXMySQLDriver;vclactnband;bindengine;soaprtl;bindcompdbx;FMXTee;TeeUI;bindcompvcl;JvStdCtrls;JvCustom;Jcl;vclie;JvJans;JvPageComps;JvPrintPreview;ACBr_OpenSSL;ZCore;vcltouch;ACBr_TEFD;websnap;VclSmp;DBXInformixDriver;Intraweb;ZipMasterR;DataSnapConnectors;ACBr_SATECFVirtual;dsnapcon;DBXFirebirdDriver;ACBr_TXTComum;inet;fsDB17;fmxobj;JclVcl;JvPascalInterpreter;ZParseSql;vclx;frxe17;ACBr_SPEDImportar;svn;DBXSybaseASADriver;fmxdae;tmsxlsdxe3;bdertl;dbexpress;DataSnapIndy10ServerTransport;IndyIPClient;$(DCC_UsePackage)</DCC_UsePackage>
        <VerInfo_IncludeVerInfo>true</VerInfo_IncludeVerInfo>
        <VerInfo_Keys>CompanyName=;FileDescription=;FileVersion=1.0.0.0;InternalName=;LegalCopyright=;LegalTrademarks=;OriginalFilename=;ProductName=;ProductVersion=1.0.0.0;Comments=</VerInfo_Keys>
        <Manifest_File>$(BDS)\bin\default_app.manifest</Manifest_File>
        <DCC_Namespace>Winapi;System.Win;Data.Win;Datasnap.Win;Web.Win;Soap.Win;Xml.Win;Bde;$(DCC_Namespace)</DCC_Namespace>
    </PropertyGroup>
    <PropertyGroup Condition="'$(Base_Win64)'!=''">
        <DCC_UsePackage>DBXSqliteDriver;fmx;IndySystem;TeeDB;vclib;DBXInterBaseDriver;DataSnapServer;DataSnapCommon;DataSnapClient;DataSnapProviderClient;DBXSybaseASEDriver;DbxCommonDriver;vclimg;dbxcds;DatasnapConnectorsFreePascal;vcldb;vcldsnap;DBXDb2Driver;DBXOracleDriver;CustomIPTransport;dsnap;IndyIPServer;fmxase;vcl;IndyCore;IndyIPCommon;DBXMSSQLDriver;inetdbxpress;webdsnap;adortl;bindcompfmx;rtl;dbrtl;DbxClientDriver;bindcomp;inetdb;Tee;DBXOdbcDriver;xmlrtl;ibxpress;IndyProtocols;DBXMySQLDriver;vclactnband;bindengine;soaprtl;bindcompdbx;TeeUI;bindcompvcl;vclie;vcltouch;websnap;VclSmp;DBXInformixDriver;DataSnapConnectors;dsnapcon;DBXFirebirdDriver;inet;fmxobj;vclx;DBXSybaseASADriver;fmxdae;dbexpress;DataSnapIndy10ServerTransport;IndyIPClient;$(DCC_UsePackage)</DCC_UsePackage>
    </PropertyGroup>
    <PropertyGroup Condition="'$(Cfg_1)'!=''">
        <DCC_Define>DEBUG;$(DCC_Define)</DCC_Define>
        <DCC_DebugDCUs>true</DCC_DebugDCUs>
        <DCC_Optimize>false</DCC_Optimize>
        <DCC_GenerateStackFrames>true</DCC_GenerateStackFrames>
        <DCC_DebugInfoInExe>true</DCC_DebugInfoInExe>
        <DCC_RemoteDebug>true</DCC_RemoteDebug>
    </PropertyGroup>
    <PropertyGroup Condition="'$(Cfg_1_Win32)'!=''">
        <Debugger_RunParams>GUI</Debugger_RunParams>
        <VerInfo_IncludeVerInfo>true</VerInfo_IncludeVerInfo>
        <DCC_DcuOutput>.\$(Platform)\$(Config)\dcu</DCC_DcuOutput>
        <VerInfo_Locale>1033</VerInfo_Locale>
        <DCC_RemoteDebug>false</DCC_RemoteDebug>
    </PropertyGroup>
    <PropertyGroup Condition="'$(Cfg_2)'!=''">
        <DCC_LocalDebugSymbols>false</DCC_LocalDebugSymbols>
        <DCC_Define>RELEASE;$(DCC_Define)</DCC_Define>
        <DCC_SymbolReferenceInfo>0</DCC_SymbolReferenceInfo>
        <DCC_DebugInformation>false</DCC_DebugInformation>
    </PropertyGroup>
    <ItemGroup>
        <DelphiCompile Include="$(MainSource)">
            <MainSource>MainSource</MainSource>
        </DelphiCompile>
        <DCCReference Include="srvMJDService.pas">
            <Form>MJDService</Form>
            <DesignClass>TService</DesignClass>
        </DCCReference>
        <DCCReference Include="uSelfApp.pas"/>
        <DCCReference Include="uMJD.Messages.pas"/>
        <DCCReference Include="Impl\uFirebirdConnection.pas"/>
        <DCCReference Include="Interface\uIBaseRepository.pas"/>
        <DCCReference Include="Interface\uIConnection.pas"/>
        <DCCReference Include="Model\uPessoa.pas"/>
        <DCCReference Include="Repository\uBaseRepository.pas"/>
        <DCCReference Include="Repository\uPessoaRepository.pas"/>
        <DCCReference Include="..\synapse40\source\lib\asn1util.pas"/>
        <DCCReference Include="..\synapse40\source\lib\blcksock.pas"/>
        <DCCReference Include="..\synapse40\source\lib\clamsend.pas"/>
        <DCCReference Include="..\synapse40\source\lib\dnssend.pas"/>
        <DCCReference Include="..\synapse40\source\lib\ftpsend.pas"/>
        <DCCReference Include="..\synapse40\source\lib\ftptsend.pas"/>
        <DCCReference Include="..\synapse40\source\lib\httpsend.pas"/>
        <DCCReference Include="..\synapse40\source\lib\imapsend.pas"/>
        <DCCReference Include="..\synapse40\source\lib\nntpsend.pas"/>
        <DCCReference Include="..\synapse40\source\lib\pingsend.pas"/>
        <DCCReference Include="..\synapse40\source\lib\pop3send.pas"/>
        <DCCReference Include="..\synapse40\source\lib\slogsend.pas"/>
        <DCCReference Include="..\synapse40\source\lib\smtpsend.pas"/>
        <DCCReference Include="..\synapse40\source\lib\snmpsend.pas"/>
        <DCCReference Include="..\synapse40\source\lib\sntpsend.pas"/>
        <DCCReference Include="..\synapse40\source\lib\ssl_openssl.pas"/>
        <DCCReference Include="..\synapse40\source\lib\synamisc.pas"/>
        <DCCReference Include="..\synapse40\source\lib\tlntsend.pas"/>
        <DCCReference Include="uServidorThread.pas"/>
        <DCCReference Include="uConfig.pas"/>
        <DCCReference Include="ServidorForm.pas">
            <Form>frmServidor</Form>
        </DCCReference>
        <DCCReference Include="uProtocolo.pas"/>
        <DCCReference Include="uJSONPessoa.pas"/>
        <DCCReference Include="..\synapse40\source\lib\ldapsend.pas"/>
        <BuildConfiguration Include="Release">
            <Key>Cfg_2</Key>
            <CfgParent>Base</CfgParent>
        </BuildConfiguration>
        <BuildConfiguration Include="Base">
            <Key>Base</Key>
        </BuildConfiguration>
        <BuildConfiguration Include="Debug">
            <Key>Cfg_1</Key>
            <CfgParent>Base</CfgParent>
        </BuildConfiguration>
    </ItemGroup>
    <ProjectExtensions>
        <Borland.Personality>Delphi.Personality.12</Borland.Personality>
        <Borland.ProjectType/>
        <BorlandProject>
            <Delphi.Personality>
                <VersionInfo>
                    <VersionInfo Name="IncludeVerInfo">False</VersionInfo>
                    <VersionInfo Name="AutoIncBuild">False</VersionInfo>
                    <VersionInfo Name="MajorVer">1</VersionInfo>
                    <VersionInfo Name="MinorVer">0</VersionInfo>
                    <VersionInfo Name="Release">0</VersionInfo>
                    <VersionInfo Name="Build">0</VersionInfo>
                    <VersionInfo Name="Debug">False</VersionInfo>
                    <VersionInfo Name="PreRelease">False</VersionInfo>
                    <VersionInfo Name="Special">False</VersionInfo>
                    <VersionInfo Name="Private">False</VersionInfo>
                    <VersionInfo Name="DLL">False</VersionInfo>
                    <VersionInfo Name="Locale">1046</VersionInfo>
                    <VersionInfo Name="CodePage">1252</VersionInfo>
                </VersionInfo>
                <VersionInfoKeys>
                    <VersionInfoKeys Name="CompanyName"/>
                    <VersionInfoKeys Name="FileDescription"/>
                    <VersionInfoKeys Name="FileVersion">1.0.0.0</VersionInfoKeys>
                    <VersionInfoKeys Name="InternalName"/>
                    <VersionInfoKeys Name="LegalCopyright"/>
                    <VersionInfoKeys Name="LegalTrademarks"/>
                    <VersionInfoKeys Name="OriginalFilename"/>
                    <VersionInfoKeys Name="ProductName"/>
                    <VersionInfoKeys Name="ProductVersion">1.0.0.0</VersionInfoKeys>
                    <VersionInfoKeys Name="Comments"/>
                    <VersionInfoKeys Name="CFBundleName"/>
                    <VersionInfoKeys Name="CFBundleDisplayName"/>
                    <VersionInfoKeys Name="CFBundleIdentifier"/>
                    <VersionInfoKeys Name="CFBundleVersion"/>
                    <VersionInfoKeys Name="CFBundlePackageType"/>
                    <VersionInfoKeys Name="CFBundleSignature"/>
                    <VersionInfoKeys Name="CFBundleAllowMixedLocalizations"/>
                    <VersionInfoKeys Name="CFBundleExecutable"/>
                </VersionInfoKeys>
                <Source>
                    <Source Name="MainSource">MJD.Servidor.dpr</Source>
                </Source>
                <Excluded_Packages>
                    <Excluded_Packages Name="C:\Users\Public\Documents\RAD Studio\10.0\Bpl\tmsdedXE3.bpl">TMS Component Pack design time support</Excluded_Packages>
                    <Excluded_Packages Name="$(BDSBIN)\dcloffice2k170.bpl">Microsoft Office 2000 Sample Automation Server Wrapper Components</Excluded_Packages>
                    <Excluded_Packages Name="$(BDSBIN)\dclofficexp170.bpl">Microsoft Office XP Sample Automation Server Wrapper Components</Excluded_Packages>
                    <Excluded_Packages Name="$(BDSBIN)\bcboffice2k170.bpl">Embarcadero C++Builder Office 2000 Servers Package</Excluded_Packages>
                    <Excluded_Packages Name="$(BDSBIN)\bcbofficexp170.bpl">Embarcadero C++Builder Office XP Servers Package</Excluded_Packages>
                </Excluded_Packages>
            </Delphi.Personality>
            <Deployment/>
            <Platforms>
                <Platform value="Win32">True</Platform>
                <Platform value="Win64">False</Platform>
            </Platforms>
        </BorlandProject>
        <ProjectFileVersion>12</ProjectFileVersion>
    </ProjectExtensions>
    <Import Project="$(BDS)\Bin\CodeGear.Delphi.Targets" Condition="Exists('$(BDS)\Bin\CodeGear.Delphi.Targets')"/>
    <Import Project="$(APPDATA)\Embarcadero\$(BDSAPPDATABASEDIR)\$(PRODUCTVERSION)\UserTools.proj" Condition="Exists('$(APPDATA)\Embarcadero\$(BDSAPPDATABASEDIR)\$(PRODUCTVERSION)\UserTools.proj')"/>
</Project>
